
Microsoft Visual Studio Solution File, Format Version 12.00
# Visual Studio 2013
VisualStudioVersion = 12.0.31101.0
MinimumVisualStudioVersion = 10.0.40219.1
Project("{FAE04EC0-301F-11D3-BF4B-00C04F79EFBC}") = "Codestars_01", "Codestars_01\Codestars_01.csproj", "{05E92B5E-87B3-4820-9215-AFA146212CF2}"
EndProject
Project("{FAE04EC0-301F-11D3-BF4B-00C04F79EFBC}") = "Codestars_02", "Codestars_02\Codestars_02.csproj", "{62A65F2B-E477-44C9-9E08-FD119283AFAB}"
EndProject
Project("{FAE04EC0-301F-11D3-BF4B-00C04F79EFBC}") = "Codestars_03", "Codestars_03\Codestars_03.csproj", "{20385F59-E422-4430-8ADE-A4E4DE027706}"
EndProject
Project("{FAE04EC0-301F-11D3-BF4B-00C04F79EFBC}") = "Codestars_04", "Codestars_04\Codestars_04.csproj", "{0D71334C-435B-4F17-B018-2FB504A03341}"
EndProject
Project("{FAE04EC0-301F-11D3-BF4B-00C04F79EFBC}") = "Codestars_05", "Codestars_05\Codestars_05.csproj", "{B470BCBA-5D2A-4D71-A67C-38EB37CA9570}"
EndProject
Project("{FAE04EC0-301F-11D3-BF4B-00C04F79EFBC}") = "Codestars_06", "Codestars_06\Codestars_06.csproj", "{64A0AB1B-22CF-4758-8A61-C57633ED3694}"
EndProject
Project("{FAE04EC0-301F-11D3-BF4B-00C04F79EFBC}") = "Codestars_07", "Codestars_07\Codestars_07.csproj", "{4EB8AC13-4EA2-4F1C-92FB-A87A763EF683}"
EndProject
Global
	GlobalSection(SolutionConfigurationPlatforms) = preSolution
		Debug|Any CPU = Debug|Any CPU
		Release|Any CPU = Release|Any CPU
	EndGlobalSection
	GlobalSection(ProjectConfigurationPlatforms) = postSolution
		{05E92B5E-87B3-4820-9215-AFA146212CF2}.Debug|Any CPU.ActiveCfg = Debug|Any CPU
		{05E92B5E-87B3-4820-9215-AFA146212CF2}.Debug|Any CPU.Build.0 = Debug|Any CPU
		{05E92B5E-87B3-4820-9215-AFA146212CF2}.Release|Any CPU.ActiveCfg = Release|Any CPU
		{05E92B5E-87B3-4820-9215-AFA146212CF2}.Release|Any CPU.Build.0 = Release|Any CPU
		{62A65F2B-E477-44C9-9E08-FD119283AFAB}.Debug|Any CPU.ActiveCfg = Debug|Any CPU
		{62A65F2B-E477-44C9-9E08-FD119283AFAB}.Debug|Any CPU.Build.0 = Debug|Any CPU
		{62A65F2B-E477-44C9-9E08-FD119283AFAB}.Release|Any CPU.ActiveCfg = Release|Any CPU
		{62A65F2B-E477-44C9-9E08-FD119283AFAB}.Release|Any CPU.Build.0 = Release|Any CPU
		{20385F59-E422-4430-8ADE-A4E4DE027706}.Debug|Any CPU.ActiveCfg = Debug|Any CPU
		{20385F59-E422-4430-8ADE-A4E4DE027706}.Debug|Any CPU.Build.0 = Debug|Any CPU
		{20385F59-E422-4430-8ADE-A4E4DE027706}.Release|Any CPU.ActiveCfg = Release|Any CPU
		{20385F59-E422-4430-8ADE-A4E4DE027706}.Release|Any CPU.Build.0 = Release|Any CPU
		{0D71334C-435B-4F17-B018-2FB504A03341}.Debug|Any CPU.ActiveCfg = Debug|Any CPU
		{0D71334C-435B-4F17-B018-2FB504A03341}.Debug|Any CPU.Build.0 = Debug|Any CPU
		{0D71334C-435B-4F17-B018-2FB504A03341}.Release|Any CPU.ActiveCfg = Release|Any CPU
		{0D71334C-435B-4F17-B018-2FB504A03341}.Release|Any CPU.Build.0 = Release|Any CPU
		{B470BCBA-5D2A-4D71-A67C-38EB37CA9570}.Debug|Any CPU.ActiveCfg = Debug|Any CPU
		{B470BCBA-5D2A-4D71-A67C-38EB37CA9570}.Debug|Any CPU.Build.0 = Debug|Any CPU
		{B470BCBA-5D2A-4D71-A67C-38EB37CA9570}.Release|Any CPU.ActiveCfg = Release|Any CPU
		{B470BCBA-5D2A-4D71-A67C-38EB37CA9570}.Release|Any CPU.Build.0 = Release|Any CPU
		{64A0AB1B-22CF-4758-8A61-C57633ED3694}.Debug|Any CPU.ActiveCfg = Debug|Any CPU
		{64A0AB1B-22CF-4758-8A61-C57633ED3694}.Debug|Any CPU.Build.0 = Debug|Any CPU
		{64A0AB1B-22CF-4758-8A61-C57633ED3694}.Release|Any CPU.ActiveCfg = Release|Any CPU
		{64A0AB1B-22CF-4758-8A61-C57633ED3694}.Release|Any CPU.Build.0 = Release|Any CPU
		{4EB8AC13-4EA2-4F1C-92FB-A87A763EF683}.Debug|Any CPU.ActiveCfg = Debug|Any CPU
		{4EB8AC13-4EA2-4F1C-92FB-A87A763EF683}.Debug|Any CPU.Build.0 = Debug|Any CPU
		{4EB8AC13-4EA2-4F1C-92FB-A87A763EF683}.Release|Any CPU.ActiveCfg = Release|Any CPU
		{4EB8AC13-4EA2-4F1C-92FB-A87A763EF683}.Release|Any CPU.Build.0 = Release|Any CPU
	EndGlobalSection
	GlobalSection(SolutionProperties) = preSolution
		HideSolutionNode = FALSE
	EndGlobalSection
EndGlobal
